
Microsoft Visual Studio Solution File, Format Version 12.00
# Visual Studio Version 17
VisualStudioVersion = 17.11.35327.3
MinimumVisualStudioVersion = 10.0.40219.1
Project("{9A19103F-16F7-4668-BE54-9A1E7A4F7556}") = "IO.Swagger", "src\IO.Swagger\IO.Swagger.csproj", "{755005DF-E31E-407E-92A6-AF05917F6201}"
EndProject
Project("{FAE04EC0-301F-11D3-BF4B-00C04F79EFBC}") = "Service", "Service\Service.csproj", "{43103CDC-8707-4027-A072-F0A91A3C6A24}"
EndProject
Project("{FAE04EC0-301F-11D3-BF4B-00C04F79EFBC}") = "Common", "Common\Common.csproj", "{6AB769EF-84D4-4325-976D-268CC0F889A4}"
EndProject
Global
	GlobalSection(SolutionConfigurationPlatforms) = preSolution
		Debug|Any CPU = Debug|Any CPU
		Release|Any CPU = Release|Any CPU
	EndGlobalSection
	GlobalSection(ProjectConfigurationPlatforms) = postSolution
		{755005DF-E31E-407E-92A6-AF05917F6201}.Debug|Any CPU.ActiveCfg = Debug|Any CPU
		{755005DF-E31E-407E-92A6-AF05917F6201}.Debug|Any CPU.Build.0 = Debug|Any CPU
		{755005DF-E31E-407E-92A6-AF05917F6201}.Release|Any CPU.ActiveCfg = Release|Any CPU
		{755005DF-E31E-407E-92A6-AF05917F6201}.Release|Any CPU.Build.0 = Release|Any CPU
		{43103CDC-8707-4027-A072-F0A91A3C6A24}.Debug|Any CPU.ActiveCfg = Debug|Any CPU
		{43103CDC-8707-4027-A072-F0A91A3C6A24}.Debug|Any CPU.Build.0 = Debug|Any CPU
		{43103CDC-8707-4027-A072-F0A91A3C6A24}.Release|Any CPU.ActiveCfg = Release|Any CPU
		{43103CDC-8707-4027-A072-F0A91A3C6A24}.Release|Any CPU.Build.0 = Release|Any CPU
		{6AB769EF-84D4-4325-976D-268CC0F889A4}.Debug|Any CPU.ActiveCfg = Debug|Any CPU
		{6AB769EF-84D4-4325-976D-268CC0F889A4}.Debug|Any CPU.Build.0 = Debug|Any CPU
		{6AB769EF-84D4-4325-976D-268CC0F889A4}.Release|Any CPU.ActiveCfg = Release|Any CPU
		{6AB769EF-84D4-4325-976D-268CC0F889A4}.Release|Any CPU.Build.0 = Release|Any CPU
	EndGlobalSection
	GlobalSection(SolutionProperties) = preSolution
		HideSolutionNode = FALSE
	EndGlobalSection
	GlobalSection(ExtensibilityGlobals) = postSolution
		SolutionGuid = {B8260489-4DAB-47F6-BC60-264F07482008}
	EndGlobalSection
EndGlobal
